
Microsoft Visual Studio Solution File, Format Version 12.00
# Visual Studio Version 17
VisualStudioVersion = 17.14.36616.10 d17.14
MinimumVisualStudioVersion = 10.0.40219.1
Project("{FAE04EC0-301F-11D3-BF4B-00C04F79EFBC}") = "XMLCheck", "XMLCheck\XMLCheck.csproj", "{9247205A-17A1-403D-A7EC-AAF3F048419A}"
EndProject
Global
	GlobalSection(SolutionConfigurationPlatforms) = preSolution
		Debug|Any CPU = Debug|Any CPU
		Release|Any CPU = Release|Any CPU
	EndGlobalSection
	GlobalSection(ProjectConfigurationPlatforms) = postSolution
		{9247205A-17A1-403D-A7EC-AAF3F048419A}.Debug|Any CPU.ActiveCfg = Debug|Any CPU
		{9247205A-17A1-403D-A7EC-AAF3F048419A}.Debug|Any CPU.Build.0 = Debug|Any CPU
		{9247205A-17A1-403D-A7EC-AAF3F048419A}.Release|Any CPU.ActiveCfg = Release|Any CPU
		{9247205A-17A1-403D-A7EC-AAF3F048419A}.Release|Any CPU.Build.0 = Release|Any CPU
	EndGlobalSection
	GlobalSection(SolutionProperties) = preSolution
		HideSolutionNode = FALSE
	EndGlobalSection
	GlobalSection(ExtensibilityGlobals) = postSolution
		SolutionGuid = {E1681042-5FEE-4026-80FD-D2400425D644}
	EndGlobalSection
EndGlobal
